// !$*UTF8*$!
{
	archiveVersion = 1;
	classes = {
	};
	objectVersion = 46;
	objects = {

/* Begin PBXFileReference section */
		DC71F3121BF10840006DD30F /* Cell.cpp */ = {isa = PBXFileReference; lastKnownFileType = sourcecode.cpp.cpp; name = Cell.cpp; path = ../src/Cell.cpp; sourceTree = "<group>"; };
		DC71F3131BF10840006DD30F /* Cell.h */ = {isa = PBXFileReference; lastKnownFileType = sourcecode.c.h; name = Cell.h; path = ../src/Cell.h; sourceTree = "<group>"; };
		DC71F3151BF10B8E006DD30F /* Makefile */ = {isa = PBXFileReference; fileEncoding = 4; lastKnownFileType = sourcecode.make; name = Makefile; path = ../Makefile; sourceTree = "<group>"; };
		DC71F3161BF10C27006DD30F /* main.cpp */ = {isa = PBXFileReference; lastKnownFileType = sourcecode.cpp.cpp; name = main.cpp; path = ../src/main.cpp; sourceTree = "<group>"; };
		DC71F3181BF111EE006DD30F /* Board.cpp */ = {isa = PBXFileReference; lastKnownFileType = sourcecode.cpp.cpp; name = Board.cpp; path = ../src/Board.cpp; sourceTree = "<group>"; };
		DC71F3191BF111EE006DD30F /* Board.h */ = {isa = PBXFileReference; lastKnownFileType = sourcecode.c.h; name = Board.h; path = ../src/Board.h; sourceTree = "<group>"; };
		DC71F31C1BF12109006DD30F /* FileIO.cpp */ = {isa = PBXFileReference; lastKnownFileType = sourcecode.cpp.cpp; name = FileIO.cpp; path = ../src/FileIO.cpp; sourceTree = "<group>"; };
		DC71F31D1BF12109006DD30F /* FileIO.h */ = {isa = PBXFileReference; lastKnownFileType = sourcecode.c.h; name = FileIO.h; path = ../src/FileIO.h; sourceTree = "<group>"; };
		DC71F31E1BF2EF3D006DD30F /* localTimer.h */ = {isa = PBXFileReference; fileEncoding = 4; lastKnownFileType = sourcecode.c.h; name = localTimer.h; path = ../src/localTimer.h; sourceTree = "<group>"; };
		DC71F31F1BF2EF3D006DD30F /* localTimer.cpp */ = {isa = PBXFileReference; fileEncoding = 4; lastKnownFileType = sourcecode.cpp.cpp; name = localTimer.cpp; path = ../src/localTimer.cpp; sourceTree = "<group>"; };
/* End PBXFileReference section */

/* Begin PBXGroup section */
		DC71F3071BF100FA006DD30F = {
			isa = PBXGroup;
			children = (
				DC71F31E1BF2EF3D006DD30F /* localTimer.h */,
				DC71F31F1BF2EF3D006DD30F /* localTimer.cpp */,
				DC71F3181BF111EE006DD30F /* Board.cpp */,
				DC71F3191BF111EE006DD30F /* Board.h */,
				DC71F3161BF10C27006DD30F /* main.cpp */,
				DC71F3151BF10B8E006DD30F /* Makefile */,
				DC71F3121BF10840006DD30F /* Cell.cpp */,
				DC71F3131BF10840006DD30F /* Cell.h */,
				DC71F31C1BF12109006DD30F /* FileIO.cpp */,
				DC71F31D1BF12109006DD30F /* FileIO.h */,
			);
			sourceTree = "<group>";
		};
/* End PBXGroup section */

/* Begin PBXLegacyTarget section */
		DC71F30C1BF100FA006DD30F /* sudoku */ = {
			isa = PBXLegacyTarget;
			buildArgumentsString = "$(ACTION)";
			buildConfigurationList = DC71F30F1BF100FA006DD30F /* Build configuration list for PBXLegacyTarget "sudoku" */;
			buildPhases = (
			);
			buildToolPath = /usr/bin/make;
			buildWorkingDirectory = /Users/neslisah/Documents/UCF/CAP5636/project;
			dependencies = (
			);
			name = sudoku;
			passBuildSettingsInEnvironment = 1;
			productName = sudoku;
		};
/* End PBXLegacyTarget section */

/* Begin PBXProject section */
		DC71F3081BF100FA006DD30F /* Project object */ = {
			isa = PBXProject;
			attributes = {
				LastUpgradeCheck = 0610;
				ORGANIZATIONNAME = "Neslisah Torosdagli";
				TargetAttributes = {
					DC71F30C1BF100FA006DD30F = {
						CreatedOnToolsVersion = 6.1;
					};
				};
			};
			buildConfigurationList = DC71F30B1BF100FA006DD30F /* Build configuration list for PBXProject "sudoku" */;
			compatibilityVersion = "Xcode 3.2";
			developmentRegion = English;
			hasScannedForEncodings = 0;
			knownRegions = (
				en,
			);
			mainGroup = DC71F3071BF100FA006DD30F;
			projectDirPath = "";
			projectRoot = "";
			targets = (
				DC71F30C1BF100FA006DD30F /* sudoku */,
			);
		};
/* End PBXProject section */

/* Begin XCBuildConfiguration section */
		DC71F30D1BF100FA006DD30F /* Debug */ = {
			isa = XCBuildConfiguration;
			buildSettings = {
				ALWAYS_SEARCH_USER_PATHS = NO;
				CLANG_CXX_LANGUAGE_STANDARD = "gnu++0x";
				CLANG_CXX_LIBRARY = "libc++";
				CLANG_ENABLE_MODULES = YES;
				CLANG_ENABLE_OBJC_ARC = YES;
				CLANG_WARN_BOOL_CONVERSION = YES;
				CLANG_WARN_CONSTANT_CONVERSION = YES;
				CLANG_WARN_DIRECT_OBJC_ISA_USAGE = YES_ERROR;
				CLANG_WARN_EMPTY_BODY = YES;
				CLANG_WARN_ENUM_CONVERSION = YES;
				CLANG_WARN_INT_CONVERSION = YES;
				CLANG_WARN_OBJC_ROOT_CLASS = YES_ERROR;
				CLANG_WARN_UNREACHABLE_CODE = YES;
				CLANG_WARN__DUPLICATE_METHOD_MATCH = YES;
				COPY_PHASE_STRIP = NO;
				ENABLE_STRICT_OBJC_MSGSEND = YES;
				GCC_C_LANGUAGE_STANDARD = gnu99;
				GCC_DYNAMIC_NO_PIC = NO;
				GCC_OPTIMIZATION_LEVEL = 0;
				GCC_PREPROCESSOR_DEFINITIONS = (
					"DEBUG=1",
					"$(inherited)",
				);
				GCC_SYMBOLS_PRIVATE_EXTERN = NO;
				GCC_WARN_64_TO_32_BIT_CONVERSION = YES;
				GCC_WARN_ABOUT_RETURN_TYPE = YES_ERROR;
				GCC_WARN_UNDECLARED_SELECTOR = YES;
				GCC_WARN_UNINITIALIZED_AUTOS = YES_AGGRESSIVE;
				GCC_WARN_UNUSED_FUNCTION = YES;
				GCC_WARN_UNUSED_VARIABLE = YES;
				MACOSX_DEPLOYMENT_TARGET = 10.10;
				MTL_ENABLE_DEBUG_INFO = YES;
				ONLY_ACTIVE_ARCH = YES;
				SDKROOT = macosx;
			};
			name = Debug;
		};
		DC71F30E1BF100FA006DD30F /* Release */ = {
			isa = XCBuildConfiguration;
			buildSettings = {
				ALWAYS_SEARCH_USER_PATHS = NO;
				CLANG_CXX_LANGUAGE_STANDARD = "gnu++0x";
				CLANG_CXX_LIBRARY = "libc++";
				CLANG_ENABLE_MODULES = YES;
				CLANG_ENABLE_OBJC_ARC = YES;
				CLANG_WARN_BOOL_CONVERSION = YES;
				CLANG_WARN_CONSTANT_CONVERSION = YES;
				CLANG_WARN_DIRECT_OBJC_ISA_USAGE = YES_ERROR;
				CLANG_WARN_EMPTY_BODY = YES;
				CLANG_WARN_ENUM_CONVERSION = YES;
				CLANG_WARN_INT_CONVERSION = YES;
				CLANG_WARN_OBJC_ROOT_CLASS = YES_ERROR;
				CLANG_WARN_UNREACHABLE_CODE = YES;
				CLANG_WARN__DUPLICATE_METHOD_MATCH = YES;
				COPY_PHASE_STRIP = YES;
				DEBUG_INFORMATION_FORMAT = "dwarf-with-dsym";
				ENABLE_NS_ASSERTIONS = NO;
				ENABLE_STRICT_OBJC_MSGSEND = YES;
				GCC_C_LANGUAGE_STANDARD = gnu99;
				GCC_WARN_64_TO_32_BIT_CONVERSION = YES;
				GCC_WARN_ABOUT_RETURN_TYPE = YES_ERROR;
				GCC_WARN_UNDECLARED_SELECTOR = YES;
				GCC_WARN_UNINITIALIZED_AUTOS = YES_AGGRESSIVE;
				GCC_WARN_UNUSED_FUNCTION = YES;
				GCC_WARN_UNUSED_VARIABLE = YES;
				MACOSX_DEPLOYMENT_TARGET = 10.10;
				MTL_ENABLE_DEBUG_INFO = NO;
				SDKROOT = macosx;
			};
			name = Release;
		};
		DC71F3101BF100FA006DD30F /* Debug */ = {
			isa = XCBuildConfiguration;
			buildSettings = {
				DEBUGGING_SYMBOLS = YES;
				GCC_GENERATE_DEBUGGING_SYMBOLS = YES;
				GCC_OPTIMIZATION_LEVEL = 0;
				OTHER_CFLAGS = "";
				OTHER_LDFLAGS = "";
				PRODUCT_NAME = "$(TARGET_NAME)";
			};
			name = Debug;
		};
		DC71F3111BF100FA006DD30F /* Release */ = {
			isa = XCBuildConfiguration;
			buildSettings = {
				OTHER_CFLAGS = "";
				OTHER_LDFLAGS = "";
				PRODUCT_NAME = "$(TARGET_NAME)";
			};
			name = Release;
		};
/* End XCBuildConfiguration section */

/* Begin XCConfigurationList section */
		DC71F30B1BF100FA006DD30F /* Build configuration list for PBXProject "sudoku" */ = {
			isa = XCConfigurationList;
			buildConfigurations = (
				DC71F30D1BF100FA006DD30F /* Debug */,
				DC71F30E1BF100FA006DD30F /* Release */,
			);
			defaultConfigurationIsVisible = 0;
			defaultConfigurationName = Release;
		};
		DC71F30F1BF100FA006DD30F /* Build configuration list for PBXLegacyTarget "sudoku" */ = {
			isa = XCConfigurationList;
			buildConfigurations = (
				DC71F3101BF100FA006DD30F /* Debug */,
				DC71F3111BF100FA006DD30F /* Release */,
			);
			defaultConfigurationIsVisible = 0;
		};
/* End XCConfigurationList section */
	};
	rootObject = DC71F3081BF100FA006DD30F /* Project object */;
}
